
Microsoft Visual Studio Solution File, Format Version 12.00
# Visual Studio Version 16
VisualStudioVersion = 16.0.30611.23
MinimumVisualStudioVersion = 10.0.40219.1
Project("{FAE04EC0-301F-11D3-BF4B-00C04F79EFBC}") = "home1", "home1\home1.csproj", "{F659FE37-DD31-4741-B3B5-60FD42896FE1}"
EndProject
Project("{FAE04EC0-301F-11D3-BF4B-00C04F79EFBC}") = "Elements", "Elements1\Elements.csproj", "{AFAB13F3-0230-4B6B-B989-2B6DEDE962C9}"
EndProject
Global
	GlobalSection(SolutionConfigurationPlatforms) = preSolution
		Debug|Any CPU = Debug|Any CPU
		Release|Any CPU = Release|Any CPU
	EndGlobalSection
	GlobalSection(ProjectConfigurationPlatforms) = postSolution
		{F659FE37-DD31-4741-B3B5-60FD42896FE1}.Debug|Any CPU.ActiveCfg = Debug|Any CPU
		{F659FE37-DD31-4741-B3B5-60FD42896FE1}.Debug|Any CPU.Build.0 = Debug|Any CPU
		{F659FE37-DD31-4741-B3B5-60FD42896FE1}.Release|Any CPU.ActiveCfg = Release|Any CPU
		{F659FE37-DD31-4741-B3B5-60FD42896FE1}.Release|Any CPU.Build.0 = Release|Any CPU
		{AFAB13F3-0230-4B6B-B989-2B6DEDE962C9}.Debug|Any CPU.ActiveCfg = Debug|Any CPU
		{AFAB13F3-0230-4B6B-B989-2B6DEDE962C9}.Debug|Any CPU.Build.0 = Debug|Any CPU
		{AFAB13F3-0230-4B6B-B989-2B6DEDE962C9}.Release|Any CPU.ActiveCfg = Release|Any CPU
		{AFAB13F3-0230-4B6B-B989-2B6DEDE962C9}.Release|Any CPU.Build.0 = Release|Any CPU
	EndGlobalSection
	GlobalSection(SolutionProperties) = preSolution
		HideSolutionNode = FALSE
	EndGlobalSection
	GlobalSection(ExtensibilityGlobals) = postSolution
		SolutionGuid = {5581B0D9-35FF-4F8F-BA1F-6BEBA0AEB8FA}
	EndGlobalSection
EndGlobal
